github.com/google/go-cmp v0.5.5 h1:Khx7svrCpmxxtHBq5j2mp/xVjsi8hQMfNLvJFAlrGgU=
github.com/tufanbarisyildirim/gonginx v0.0.0-20230627120331-964b6ae8380e h1:JYgfaWgSaQhQ8Zz4XuBMnk+cebPC8cSnhCeHfGgJ5EI=
github.com/tufanbarisyildirim/gonginx v0.0.0-20230627120331-964b6ae8380e/go.mod h1:4fTjBxMoWGOIVnGFSTS9GAZ0yMyiGzTdATQS0krQv18=
gotest.tools/v3 v3.4.0 h1:ZazjZUfuVeZGLAmlKKuyv3IKP5orXcwtOwDQH6YVr6o=
